
Microsoft Visual Studio Solution File, Format Version 12.00
# Visual Studio Version 17
VisualStudioVersion = 17.3.32929.385
MinimumVisualStudioVersion = 10.0.40219.1
Project("{FAE04EC0-301F-11D3-BF4B-00C04F79EFBC}") = "LaboratoryWork07", "LaboratoryWork07\LaboratoryWork07.csproj", "{EF76F7AD-EFE4-40C3-A2A0-A4ED824274A0}"
EndProject
Global
	GlobalSection(SolutionConfigurationPlatforms) = preSolution
		Debug|Any CPU = Debug|Any CPU
		Release|Any CPU = Release|Any CPU
	EndGlobalSection
	GlobalSection(ProjectConfigurationPlatforms) = postSolution
		{EF76F7AD-EFE4-40C3-A2A0-A4ED824274A0}.Debug|Any CPU.ActiveCfg = Debug|Any CPU
		{EF76F7AD-EFE4-40C3-A2A0-A4ED824274A0}.Debug|Any CPU.Build.0 = Debug|Any CPU
		{EF76F7AD-EFE4-40C3-A2A0-A4ED824274A0}.Release|Any CPU.ActiveCfg = Release|Any CPU
		{EF76F7AD-EFE4-40C3-A2A0-A4ED824274A0}.Release|Any CPU.Build.0 = Release|Any CPU
	EndGlobalSection
	GlobalSection(SolutionProperties) = preSolution
		HideSolutionNode = FALSE
	EndGlobalSection
	GlobalSection(ExtensibilityGlobals) = postSolution
		SolutionGuid = {7C5B631C-1E6F-4A38-812A-5EA31F08764C}
	EndGlobalSection
EndGlobal
