
Microsoft Visual Studio Solution File, Format Version 12.00
# Visual Studio Version 17
VisualStudioVersion = 17.4.33110.190
MinimumVisualStudioVersion = 10.0.40219.1
Project("{FAE04EC0-301F-11D3-BF4B-00C04F79EFBC}") = "LaboratoryWork17", "LaboratoryWork17\LaboratoryWork17.csproj", "{4C73AC2E-A0BC-442A-B2AE-FFB7D028C457}"
EndProject
Global
	GlobalSection(SolutionConfigurationPlatforms) = preSolution
		Debug|Any CPU = Debug|Any CPU
		Release|Any CPU = Release|Any CPU
	EndGlobalSection
	GlobalSection(ProjectConfigurationPlatforms) = postSolution
		{4C73AC2E-A0BC-442A-B2AE-FFB7D028C457}.Debug|Any CPU.ActiveCfg = Debug|Any CPU
		{4C73AC2E-A0BC-442A-B2AE-FFB7D028C457}.Debug|Any CPU.Build.0 = Debug|Any CPU
		{4C73AC2E-A0BC-442A-B2AE-FFB7D028C457}.Release|Any CPU.ActiveCfg = Release|Any CPU
		{4C73AC2E-A0BC-442A-B2AE-FFB7D028C457}.Release|Any CPU.Build.0 = Release|Any CPU
	EndGlobalSection
	GlobalSection(SolutionProperties) = preSolution
		HideSolutionNode = FALSE
	EndGlobalSection
	GlobalSection(ExtensibilityGlobals) = postSolution
		SolutionGuid = {BA36189D-E206-458B-8B65-63F870C3C3BD}
	EndGlobalSection
EndGlobal
