
Microsoft Visual Studio Solution File, Format Version 12.00
# Visual Studio Version 17
VisualStudioVersion = 17.3.32825.248
MinimumVisualStudioVersion = 10.0.40219.1
Project("{FAE04EC0-301F-11D3-BF4B-00C04F79EFBC}") = "LaboratoryWork02", "LaboratoryWork02\LaboratoryWork02.csproj", "{E3C9DDC9-BF0B-43E1-8B74-F7FDCAD02EEE}"
EndProject
Global
	GlobalSection(SolutionConfigurationPlatforms) = preSolution
		Debug|Any CPU = Debug|Any CPU
		Release|Any CPU = Release|Any CPU
	EndGlobalSection
	GlobalSection(ProjectConfigurationPlatforms) = postSolution
		{E3C9DDC9-BF0B-43E1-8B74-F7FDCAD02EEE}.Debug|Any CPU.ActiveCfg = Debug|Any CPU
		{E3C9DDC9-BF0B-43E1-8B74-F7FDCAD02EEE}.Debug|Any CPU.Build.0 = Debug|Any CPU
		{E3C9DDC9-BF0B-43E1-8B74-F7FDCAD02EEE}.Release|Any CPU.ActiveCfg = Release|Any CPU
		{E3C9DDC9-BF0B-43E1-8B74-F7FDCAD02EEE}.Release|Any CPU.Build.0 = Release|Any CPU
	EndGlobalSection
	GlobalSection(SolutionProperties) = preSolution
		HideSolutionNode = FALSE
	EndGlobalSection
	GlobalSection(ExtensibilityGlobals) = postSolution
		SolutionGuid = {ED40A281-3C75-46F5-BF97-6297DE0BD831}
	EndGlobalSection
EndGlobal
