
Microsoft Visual Studio Solution File, Format Version 12.00
# Visual Studio Version 17
VisualStudioVersion = 17.4.33110.190
MinimumVisualStudioVersion = 10.0.40219.1
Project("{FAE04EC0-301F-11D3-BF4B-00C04F79EFBC}") = "LaboratoryWork18", "LaboratoryWork18\LaboratoryWork18.csproj", "{D60BBFC6-5796-409D-9BB1-AE4F5D74FFB6}"
EndProject
Global
	GlobalSection(SolutionConfigurationPlatforms) = preSolution
		Debug|Any CPU = Debug|Any CPU
		Release|Any CPU = Release|Any CPU
	EndGlobalSection
	GlobalSection(ProjectConfigurationPlatforms) = postSolution
		{D60BBFC6-5796-409D-9BB1-AE4F5D74FFB6}.Debug|Any CPU.ActiveCfg = Debug|Any CPU
		{D60BBFC6-5796-409D-9BB1-AE4F5D74FFB6}.Debug|Any CPU.Build.0 = Debug|Any CPU
		{D60BBFC6-5796-409D-9BB1-AE4F5D74FFB6}.Release|Any CPU.ActiveCfg = Release|Any CPU
		{D60BBFC6-5796-409D-9BB1-AE4F5D74FFB6}.Release|Any CPU.Build.0 = Release|Any CPU
	EndGlobalSection
	GlobalSection(SolutionProperties) = preSolution
		HideSolutionNode = FALSE
	EndGlobalSection
	GlobalSection(ExtensibilityGlobals) = postSolution
		SolutionGuid = {75A90592-7116-4B1D-A694-888DE283F7EA}
	EndGlobalSection
EndGlobal
