
Microsoft Visual Studio Solution File, Format Version 12.00
# Visual Studio Version 17
VisualStudioVersion = 17.3.32825.248
MinimumVisualStudioVersion = 10.0.40219.1
Project("{FAE04EC0-301F-11D3-BF4B-00C04F79EFBC}") = "LaboratoryWork06", "LaboratoryWork06\LaboratoryWork06.csproj", "{BF93960A-C1B3-4DA0-A61E-4E8D9399F000}"
EndProject
Global
	GlobalSection(SolutionConfigurationPlatforms) = preSolution
		Debug|Any CPU = Debug|Any CPU
		Release|Any CPU = Release|Any CPU
	EndGlobalSection
	GlobalSection(ProjectConfigurationPlatforms) = postSolution
		{BF93960A-C1B3-4DA0-A61E-4E8D9399F000}.Debug|Any CPU.ActiveCfg = Debug|Any CPU
		{BF93960A-C1B3-4DA0-A61E-4E8D9399F000}.Debug|Any CPU.Build.0 = Debug|Any CPU
		{BF93960A-C1B3-4DA0-A61E-4E8D9399F000}.Release|Any CPU.ActiveCfg = Release|Any CPU
		{BF93960A-C1B3-4DA0-A61E-4E8D9399F000}.Release|Any CPU.Build.0 = Release|Any CPU
	EndGlobalSection
	GlobalSection(SolutionProperties) = preSolution
		HideSolutionNode = FALSE
	EndGlobalSection
	GlobalSection(ExtensibilityGlobals) = postSolution
		SolutionGuid = {D633AEBF-D8C5-496D-976B-486422EE89EF}
	EndGlobalSection
EndGlobal
